
Microsoft Visual Studio Solution File, Format Version 12.00
# Visual Studio Version 17
VisualStudioVersion = 17.8.34511.84
MinimumVisualStudioVersion = 10.0.40219.1
Project("{FAE04EC0-301F-11D3-BF4B-00C04F79EFBC}") = "Demo", "Demo.csproj", "{CE5B4533-1101-4322-9B46-5005FF9BB7A8}"
EndProject
Global
	GlobalSection(SolutionConfigurationPlatforms) = preSolution
		Debug|Any CPU = Debug|Any CPU
		Release|Any CPU = Release|Any CPU
	EndGlobalSection
	GlobalSection(ProjectConfigurationPlatforms) = postSolution
		{CE5B4533-1101-4322-9B46-5005FF9BB7A8}.Debug|Any CPU.ActiveCfg = Debug|Any CPU
		{CE5B4533-1101-4322-9B46-5005FF9BB7A8}.Debug|Any CPU.Build.0 = Debug|Any CPU
		{CE5B4533-1101-4322-9B46-5005FF9BB7A8}.Release|Any CPU.ActiveCfg = Release|Any CPU
		{CE5B4533-1101-4322-9B46-5005FF9BB7A8}.Release|Any CPU.Build.0 = Release|Any CPU
	EndGlobalSection
	GlobalSection(SolutionProperties) = preSolution
		HideSolutionNode = FALSE
	EndGlobalSection
	GlobalSection(ExtensibilityGlobals) = postSolution
		SolutionGuid = {84C267F2-36EC-4AAB-98AC-25DA42D06FB2}
	EndGlobalSection
EndGlobal
